
Microsoft Visual Studio Solution File, Format Version 12.00
# Visual Studio Version 17
VisualStudioVersion = 17.5.002.0
MinimumVisualStudioVersion = 10.0.40219.1
Project("{9A19103F-16F7-4668-BE54-9A1E7A4F7556}") = "ClasseAluno", "ClasseAluno\ClasseAluno.csproj", "{281AA5E3-BCA6-4D81-9F0B-B0A52662B971}"
EndProject
Project("{9A19103F-16F7-4668-BE54-9A1E7A4F7556}") = "ClasseConta", "ClasseConta\ClasseConta.csproj", "{D11BE087-A157-4FFF-9DF2-C5CA9D051CC1}"
EndProject
Project("{9A19103F-16F7-4668-BE54-9A1E7A4F7556}") = "Revisao", "Revisao\Revisao.csproj", "{AA049D00-2310-4AE9-B01C-E9198947845A}"
EndProject
Global
	GlobalSection(SolutionConfigurationPlatforms) = preSolution
		Debug|Any CPU = Debug|Any CPU
		Release|Any CPU = Release|Any CPU
	EndGlobalSection
	GlobalSection(ProjectConfigurationPlatforms) = postSolution
		{281AA5E3-BCA6-4D81-9F0B-B0A52662B971}.Debug|Any CPU.ActiveCfg = Debug|Any CPU
		{281AA5E3-BCA6-4D81-9F0B-B0A52662B971}.Debug|Any CPU.Build.0 = Debug|Any CPU
		{281AA5E3-BCA6-4D81-9F0B-B0A52662B971}.Release|Any CPU.ActiveCfg = Release|Any CPU
		{281AA5E3-BCA6-4D81-9F0B-B0A52662B971}.Release|Any CPU.Build.0 = Release|Any CPU
		{D11BE087-A157-4FFF-9DF2-C5CA9D051CC1}.Debug|Any CPU.ActiveCfg = Debug|Any CPU
		{D11BE087-A157-4FFF-9DF2-C5CA9D051CC1}.Debug|Any CPU.Build.0 = Debug|Any CPU
		{D11BE087-A157-4FFF-9DF2-C5CA9D051CC1}.Release|Any CPU.ActiveCfg = Release|Any CPU
		{D11BE087-A157-4FFF-9DF2-C5CA9D051CC1}.Release|Any CPU.Build.0 = Release|Any CPU
		{AA049D00-2310-4AE9-B01C-E9198947845A}.Debug|Any CPU.ActiveCfg = Debug|Any CPU
		{AA049D00-2310-4AE9-B01C-E9198947845A}.Debug|Any CPU.Build.0 = Debug|Any CPU
		{AA049D00-2310-4AE9-B01C-E9198947845A}.Release|Any CPU.ActiveCfg = Release|Any CPU
		{AA049D00-2310-4AE9-B01C-E9198947845A}.Release|Any CPU.Build.0 = Release|Any CPU
	EndGlobalSection
	GlobalSection(SolutionProperties) = preSolution
		HideSolutionNode = FALSE
	EndGlobalSection
	GlobalSection(ExtensibilityGlobals) = postSolution
		SolutionGuid = {5E78778A-003F-46EB-917D-36A22EA07628}
	EndGlobalSection
EndGlobal
